// !$*UTF8*$!
{
	archiveVersion = 1;
	classes = {
	};
	objectVersion = 50;
	objects = {

/* Begin PBXBuildFile section */
		4FC3F6E6246F5DD4000F709C /* AppDelegate.swift in Sources */ = {isa = PBXBuildFile; fileRef = 4FC3F6E5246F5DD4000F709C /* AppDelegate.swift */; };
		4FC3F6E8246F5DD4000F709C /* SceneDelegate.swift in Sources */ = {isa = PBXBuildFile; fileRef = 4FC3F6E7246F5DD4000F709C /* SceneDelegate.swift */; };
		4FC3F6EA246F5DD4000F709C /* ViewController.swift in Sources */ = {isa = PBXBuildFile; fileRef = 4FC3F6E9246F5DD4000F709C /* ViewController.swift */; };
		4FC3F6ED246F5DD4000F709C /* Main.storyboard in Resources */ = {isa = PBXBuildFile; fileRef = 4FC3F6EB246F5DD4000F709C /* Main.storyboard */; };
		4FC3F6EF246F5DD6000F709C /* Assets.xcassets in Resources */ = {isa = PBXBuildFile; fileRef = 4FC3F6EE246F5DD6000F709C /* Assets.xcassets */; };
		4FC3F6F2246F5DD6000F709C /* LaunchScreen.storyboard in Resources */ = {isa = PBXBuildFile; fileRef = 4FC3F6F0246F5DD6000F709C /* LaunchScreen.storyboard */; };
/* End PBXBuildFile section */

/* Begin PBXFileReference section */
		4FC3F6E2246F5DD4000F709C /* SpaceTravel.app */ = {isa = PBXFileReference; explicitFileType = wrapper.application; includeInIndex = 0; path = SpaceTravel.app; sourceTree = BUILT_PRODUCTS_DIR; };
		4FC3F6E5246F5DD4000F709C /* AppDelegate.swift */ = {isa = PBXFileReference; lastKnownFileType = sourcecode.swift; path = AppDelegate.swift; sourceTree = "<group>"; };
		4FC3F6E7246F5DD4000F709C /* SceneDelegate.swift */ = {isa = PBXFileReference; lastKnownFileType = sourcecode.swift; path = SceneDelegate.swift; sourceTree = "<group>"; };
		4FC3F6E9246F5DD4000F709C /* ViewController.swift */ = {isa = PBXFileReference; lastKnownFileType = sourcecode.swift; path = ViewController.swift; sourceTree = "<group>"; };
		4FC3F6EC246F5DD4000F709C /* Base */ = {isa = PBXFileReference; lastKnownFileType = file.storyboard; name = Base; path = Base.lproj/Main.storyboard; sourceTree = "<group>"; };
		4FC3F6EE246F5DD6000F709C /* Assets.xcassets */ = {isa = PBXFileReference; lastKnownFileType = folder.assetcatalog; path = Assets.xcassets; sourceTree = "<group>"; };
		4FC3F6F1246F5DD6000F709C /* Base */ = {isa = PBXFileReference; lastKnownFileType = file.storyboard; name = Base; path = Base.lproj/LaunchScreen.storyboard; sourceTree = "<group>"; };
		4FC3F6F3246F5DD6000F709C /* Info.plist */ = {isa = PBXFileReference; lastKnownFileType = text.plist.xml; path = Info.plist; sourceTree = "<group>"; };
/* End PBXFileReference section */

/* Begin PBXFrameworksBuildPhase section */
		4FC3F6DF246F5DD4000F709C /* Frameworks */ = {
			isa = PBXFrameworksBuildPhase;
			buildActionMask = 2147483647;
			files = (
			);
			runOnlyForDeploymentPostprocessing = 0;
		};
/* End PBXFrameworksBuildPhase section */

/* Begin PBXGroup section */
		4FC3F6D9246F5DD4000F709C = {
			isa = PBXGroup;
			children = (
				4FC3F6E4246F5DD4000F709C /* SpaceTravel */,
				4FC3F6E3246F5DD4000F709C /* Products */,
			);
			sourceTree = "<group>";
		};
		4FC3F6E3246F5DD4000F709C /* Products */ = {
			isa = PBXGroup;
			children = (
				4FC3F6E2246F5DD4000F709C /* SpaceTravel.app */,
			);
			name = Products;
			sourceTree = "<group>";
		};
		4FC3F6E4246F5DD4000F709C /* SpaceTravel */ = {
			isa = PBXGroup;
			children = (
				4FC3F6E5246F5DD4000F709C /* AppDelegate.swift */,
				4FC3F6E7246F5DD4000F709C /* SceneDelegate.swift */,
				4FC3F6E9246F5DD4000F709C /* ViewController.swift */,
				4FC3F6EB246F5DD4000F709C /* Main.storyboard */,
				4FC3F6EE246F5DD6000F709C /* Assets.xcassets */,
				4FC3F6F0246F5DD6000F709C /* LaunchScreen.storyboard */,
				4FC3F6F3246F5DD6000F709C /* Info.plist */,
			);
			path = SpaceTravel;
			sourceTree = "<group>";
		};
/* End PBXGroup section */

/* Begin PBXNativeTarget section */
		4FC3F6E1246F5DD4000F709C /* SpaceTravel */ = {
			isa = PBXNativeTarget;
			buildConfigurationList = 4FC3F6F6246F5DD6000F709C /* Build configuration list for PBXNativeTarget "SpaceTravel" */;
			buildPhases = (
				4FC3F6DE246F5DD4000F709C /* Sources */,
				4FC3F6DF246F5DD4000F709C /* Frameworks */,
				4FC3F6E0246F5DD4000F709C /* Resources */,
			);
			buildRules = (
			);
			dependencies = (
			);
			name = SpaceTravel;
			productName = SpaceTravel;
			productReference = 4FC3F6E2246F5DD4000F709C /* SpaceTravel.app */;
			productType = "com.apple.product-type.application";
		};
/* End PBXNativeTarget section */

/* Begin PBXProject section */
		4FC3F6DA246F5DD4000F709C /* Project object */ = {
			isa = PBXProject;
			attributes = {
				LastSwiftUpdateCheck = 1140;
				LastUpgradeCheck = 1140;
				ORGANIZATIONNAME = BMCC;
				TargetAttributes = {
					4FC3F6E1246F5DD4000F709C = {
						CreatedOnToolsVersion = 11.4.1;
					};
				};
			};
			buildConfigurationList = 4FC3F6DD246F5DD4000F709C /* Build configuration list for PBXProject "SpaceTravel" */;
			compatibilityVersion = "Xcode 9.3";
			developmentRegion = en;
			hasScannedForEncodings = 0;
			knownRegions = (
				en,
				Base,
			);
			mainGroup = 4FC3F6D9246F5DD4000F709C;
			productRefGroup = 4FC3F6E3246F5DD4000F709C /* Products */;
			projectDirPath = "";
			projectRoot = "";
			targets = (
				4FC3F6E1246F5DD4000F709C /* SpaceTravel */,
			);
		};
/* End PBXProject section */

/* Begin PBXResourcesBuildPhase section */
		4FC3F6E0246F5DD4000F709C /* Resources */ = {
			isa = PBXResourcesBuildPhase;
			buildActionMask = 2147483647;
			files = (
				4FC3F6F2246F5DD6000F709C /* LaunchScreen.storyboard in Resources */,
				4FC3F6EF246F5DD6000F709C /* Assets.xcassets in Resources */,
				4FC3F6ED246F5DD4000F709C /* Main.storyboard in Resources */,
			);
			runOnlyForDeploymentPostprocessing = 0;
		};
/* End PBXResourcesBuildPhase section */

/* Begin PBXSourcesBuildPhase section */
		4FC3F6DE246F5DD4000F709C /* Sources */ = {
			isa = PBXSourcesBuildPhase;
			buildActionMask = 2147483647;
			files = (
				4FC3F6EA246F5DD4000F709C /* ViewController.swift in Sources */,
				4FC3F6E6246F5DD4000F709C /* AppDelegate.swift in Sources */,
				4FC3F6E8246F5DD4000F709C /* SceneDelegate.swift in Sources */,
			);
			runOnlyForDeploymentPostprocessing = 0;
		};
/* End PBXSourcesBuildPhase section */

/* Begin PBXVariantGroup section */
		4FC3F6EB246F5DD4000F709C /* Main.storyboard */ = {
			isa = PBXVariantGroup;
			children = (
				4FC3F6EC246F5DD4000F709C /* Base */,
			);
			name = Main.storyboard;
			sourceTree = "<group>";
		};
		4FC3F6F0246F5DD6000F709C /* LaunchScreen.storyboard */ = {
			isa = PBXVariantGroup;
			children = (
				4FC3F6F1246F5DD6000F709C /* Base */,
			);
			name = LaunchScreen.storyboard;
			sourceTree = "<group>";
		};
/* End PBXVariantGroup section */

/* Begin XCBuildConfiguration section */
		4FC3F6F4246F5DD6000F709C /* Debug */ = {
			isa = XCBuildConfiguration;
			buildSettings = {
				ALWAYS_SEARCH_USER_PATHS = NO;
				CLANG_ANALYZER_NONNULL = YES;
				CLANG_ANALYZER_NUMBER_OBJECT_CONVERSION = YES_AGGRESSIVE;
				CLANG_CXX_LANGUAGE_STANDARD = "gnu++14";
				CLANG_CXX_LIBRARY = "libc++";
				CLANG_ENABLE_MODULES = YES;
				CLANG_ENABLE_OBJC_ARC = YES;
				CLANG_ENABLE_OBJC_WEAK = YES;
				CLANG_WARN_BLOCK_CAPTURE_AUTORELEASING = YES;
				CLANG_WARN_BOOL_CONVERSION = YES;
				CLANG_WARN_COMMA = YES;
				CLANG_WARN_CONSTANT_CONVERSION = YES;
				CLANG_WARN_DEPRECATED_OBJC_IMPLEMENTATIONS = YES;
				CLANG_WARN_DIRECT_OBJC_ISA_USAGE = YES_ERROR;
				CLANG_WARN_DOCUMENTATION_COMMENTS = YES;
				CLANG_WARN_EMPTY_BODY = YES;
				CLANG_WARN_ENUM_CONVERSION = YES;
				CLANG_WARN_INFINITE_RECURSION = YES;
				CLANG_WARN_INT_CONVERSION = YES;
				CLANG_WARN_NON_LITERAL_NULL_CONVERSION = YES;
				CLANG_WARN_OBJC_IMPLICIT_RETAIN_SELF = YES;
				CLANG_WARN_OBJC_LITERAL_CONVERSION = YES;
				CLANG_WARN_OBJC_ROOT_CLASS = YES_ERROR;
				CLANG_WARN_RANGE_LOOP_ANALYSIS = YES;
				CLANG_WARN_STRICT_PROTOTYPES = YES;
				CLANG_WARN_SUSPICIOUS_MOVE = YES;
				CLANG_WARN_UNGUARDED_AVAILABILITY = YES_AGGRESSIVE;
				CLANG_WARN_UNREACHABLE_CODE = YES;
				CLANG_WARN__DUPLICATE_METHOD_MATCH = YES;
				COPY_PHASE_STRIP = NO;
				DEBUG_INFORMATION_FORMAT = dwarf;
				ENABLE_STRICT_OBJC_MSGSEND = YES;
				ENABLE_TESTABILITY = YES;
				GCC_C_LANGUAGE_STANDARD = gnu11;
				GCC_DYNAMIC_NO_PIC = NO;
				GCC_NO_COMMON_BLOCKS = YES;
				GCC_OPTIMIZATION_LEVEL = 0;
				GCC_PREPROCESSOR_DEFINITIONS = (
					"DEBUG=1",
					"$(inherited)",
				);
				GCC_WARN_64_TO_32_BIT_CONVERSION = YES;
				GCC_WARN_ABOUT_RETURN_TYPE = YES_ERROR;
				GCC_WARN_UNDECLARED_SELECTOR = YES;
				GCC_WARN_UNINITIALIZED_AUTOS = YES_AGGRESSIVE;
				GCC_WARN_UNUSED_FUNCTION = YES;
				GCC_WARN_UNUSED_VARIABLE = YES;
				IPHONEOS_DEPLOYMENT_TARGET = 13.4;
				MTL_ENABLE_DEBUG_INFO = INCLUDE_SOURCE;
				MTL_FAST_MATH = YES;
				ONLY_ACTIVE_ARCH = YES;
				SDKROOT = iphoneos;
				SWIFT_ACTIVE_COMPILATION_CONDITIONS = DEBUG;
				SWIFT_OPTIMIZATION_LEVEL = "-Onone";
			};
			name = Debug;
		};
		4FC3F6F5246F5DD6000F709C /* Release */ = {
			isa = XCBuildConfiguration;
			buildSettings = {
				ALWAYS_SEARCH_USER_PATHS = NO;
				CLANG_ANALYZER_NONNULL = YES;
				CLANG_ANALYZER_NUMBER_OBJECT_CONVERSION = YES_AGGRESSIVE;
				CLANG_CXX_LANGUAGE_STANDARD = "gnu++14";
				CLANG_CXX_LIBRARY = "libc++";
				CLANG_ENABLE_MODULES = YES;
				CLANG_ENABLE_OBJC_ARC = YES;
				CLANG_ENABLE_OBJC_WEAK = YES;
				CLANG_WARN_BLOCK_CAPTURE_AUTORELEASING = YES;
				CLANG_WARN_BOOL_CONVERSION = YES;
				CLANG_WARN_COMMA = YES;
				CLANG_WARN_CONSTANT_CONVERSION = YES;
				CLANG_WARN_DEPRECATED_OBJC_IMPLEMENTATIONS = YES;
				CLANG_WARN_DIRECT_OBJC_ISA_USAGE = YES_ERROR;
				CLANG_WARN_DOCUMENTATION_COMMENTS = YES;
				CLANG_WARN_EMPTY_BODY = YES;
				CLANG_WARN_ENUM_CONVERSION = YES;
				CLANG_WARN_INFINITE_RECURSION = YES;
				CLANG_WARN_INT_CONVERSION = YES;
				CLANG_WARN_NON_LITERAL_NULL_CONVERSION = YES;
				CLANG_WARN_OBJC_IMPLICIT_RETAIN_SELF = YES;
				CLANG_WARN_OBJC_LITERAL_CONVERSION = YES;
				CLANG_WARN_OBJC_ROOT_CLASS = YES_ERROR;
				CLANG_WARN_RANGE_LOOP_ANALYSIS = YES;
				CLANG_WARN_STRICT_PROTOTYPES = YES;
				CLANG_WARN_SUSPICIOUS_MOVE = YES;
				CLANG_WARN_UNGUARDED_AVAILABILITY = YES_AGGRESSIVE;
				CLANG_WARN_UNREACHABLE_CODE = YES;
				CLANG_WARN__DUPLICATE_METHOD_MATCH = YES;
				COPY_PHASE_STRIP = NO;
				DEBUG_INFORMATION_FORMAT = "dwarf-with-dsym";
				ENABLE_NS_ASSERTIONS = NO;
				ENABLE_STRICT_OBJC_MSGSEND = YES;
				GCC_C_LANGUAGE_STANDARD = gnu11;
				GCC_NO_COMMON_BLOCKS = YES;
				GCC_WARN_64_TO_32_BIT_CONVERSION = YES;
				GCC_WARN_ABOUT_RETURN_TYPE = YES_ERROR;
				GCC_WARN_UNDECLARED_SELECTOR = YES;
				GCC_WARN_UNINITIALIZED_AUTOS = YES_AGGRESSIVE;
				GCC_WARN_UNUSED_FUNCTION = YES;
				GCC_WARN_UNUSED_VARIABLE = YES;
				IPHONEOS_DEPLOYMENT_TARGET = 13.4;
				MTL_ENABLE_DEBUG_INFO = NO;
				MTL_FAST_MATH = YES;
				SDKROOT = iphoneos;
				SWIFT_COMPILATION_MODE = wholemodule;
				SWIFT_OPTIMIZATION_LEVEL = "-O";
				VALIDATE_PRODUCT = YES;
			};
			name = Release;
		};
		4FC3F6F7246F5DD6000F709C /* Debug */ = {
			isa = XCBuildConfiguration;
			buildSettings = {
				ASSETCATALOG_COMPILER_APPICON_NAME = AppIcon;
				CODE_SIGN_STYLE = Automatic;
				DEVELOPMENT_TEAM = 66CU6PWN24;
				INFOPLIST_FILE = SpaceTravel/Info.plist;
				LD_RUNPATH_SEARCH_PATHS = (
					"$(inherited)",
					"@executable_path/Frameworks",
				);
				PRODUCT_BUNDLE_IDENTIFIER = edu.cuny.bmcc.SpaceTravel;
				PRODUCT_NAME = "$(TARGET_NAME)";
				SWIFT_VERSION = 5.0;
				TARGETED_DEVICE_FAMILY = "1,2";
			};
			name = Debug;
		};
		4FC3F6F8246F5DD6000F709C /* Release */ = {
			isa = XCBuildConfiguration;
			buildSettings = {
				ASSETCATALOG_COMPILER_APPICON_NAME = AppIcon;
				CODE_SIGN_STYLE = Automatic;
				DEVELOPMENT_TEAM = 66CU6PWN24;
				INFOPLIST_FILE = SpaceTravel/Info.plist;
				LD_RUNPATH_SEARCH_PATHS = (
					"$(inherited)",
					"@executable_path/Frameworks",
				);
				PRODUCT_BUNDLE_IDENTIFIER = edu.cuny.bmcc.SpaceTravel;
				PRODUCT_NAME = "$(TARGET_NAME)";
				SWIFT_VERSION = 5.0;
				TARGETED_DEVICE_FAMILY = "1,2";
			};
			name = Release;
		};
/* End XCBuildConfiguration section */

/* Begin XCConfigurationList section */
		4FC3F6DD246F5DD4000F709C /* Build configuration list for PBXProject "SpaceTravel" */ = {
			isa = XCConfigurationList;
			buildConfigurations = (
				4FC3F6F4246F5DD6000F709C /* Debug */,
				4FC3F6F5246F5DD6000F709C /* Release */,
			);
			defaultConfigurationIsVisible = 0;
			defaultConfigurationName = Release;
		};
		4FC3F6F6246F5DD6000F709C /* Build configuration list for PBXNativeTarget "SpaceTravel" */ = {
			isa = XCConfigurationList;
			buildConfigurations = (
				4FC3F6F7246F5DD6000F709C /* Debug */,
				4FC3F6F8246F5DD6000F709C /* Release */,
			);
			defaultConfigurationIsVisible = 0;
			defaultConfigurationName = Release;
		};
/* End XCConfigurationList section */
	};
	rootObject = 4FC3F6DA246F5DD4000F709C /* Project object */;
}
